
Microsoft Visual Studio Solution File, Format Version 12.00
# Visual Studio Version 17
VisualStudioVersion = 17.14.36203.30 d17.14
MinimumVisualStudioVersion = 10.0.40219.1
Project("{FAE04EC0-301F-11D3-BF4B-00C04F79EFBC}") = "DoItList", "DoItList\DoItList.csproj", "{498B07B5-DC58-40B9-94C7-FEE411269579}"
EndProject
Global
	GlobalSection(SolutionConfigurationPlatforms) = preSolution
		Debug|Any CPU = Debug|Any CPU
		Release|Any CPU = Release|Any CPU
	EndGlobalSection
	GlobalSection(ProjectConfigurationPlatforms) = postSolution
		{498B07B5-DC58-40B9-94C7-FEE411269579}.Debug|Any CPU.ActiveCfg = Debug|Any CPU
		{498B07B5-DC58-40B9-94C7-FEE411269579}.Debug|Any CPU.Build.0 = Debug|Any CPU
		{498B07B5-DC58-40B9-94C7-FEE411269579}.Release|Any CPU.ActiveCfg = Release|Any CPU
		{498B07B5-DC58-40B9-94C7-FEE411269579}.Release|Any CPU.Build.0 = Release|Any CPU
	EndGlobalSection
	GlobalSection(SolutionProperties) = preSolution
		HideSolutionNode = FALSE
	EndGlobalSection
	GlobalSection(ExtensibilityGlobals) = postSolution
		SolutionGuid = {96CD11F2-3A2B-42BB-BD0A-6B69F5206D05}
	EndGlobalSection
EndGlobal
